
Microsoft Visual Studio Solution File, Format Version 12.00
# Visual Studio Version 16
VisualStudioVersion = 16.0.31410.357
MinimumVisualStudioVersion = 10.0.40219.1
Project("{9A19103F-16F7-4668-BE54-9A1E7A4F7556}") = "ChatAppAPI", "ChatAppAPI\ChatAppAPI.csproj", "{0B68B841-6498-4E95-A44F-F7FE2653B1A3}"
EndProject
Project("{FAE04EC0-301F-11D3-BF4B-00C04F79EFBC}") = "Core", "Core\Core.csproj", "{ED1AE467-7056-42F1-A421-89717DFCC143}"
EndProject
Project("{FAE04EC0-301F-11D3-BF4B-00C04F79EFBC}") = "Data", "Data\Data.csproj", "{9B456F74-6760-4AEB-AC9E-A6AB456D2F73}"
EndProject
Global
	GlobalSection(SolutionConfigurationPlatforms) = preSolution
		Debug|Any CPU = Debug|Any CPU
		Release|Any CPU = Release|Any CPU
	EndGlobalSection
	GlobalSection(ProjectConfigurationPlatforms) = postSolution
		{0B68B841-6498-4E95-A44F-F7FE2653B1A3}.Debug|Any CPU.ActiveCfg = Debug|Any CPU
		{0B68B841-6498-4E95-A44F-F7FE2653B1A3}.Debug|Any CPU.Build.0 = Debug|Any CPU
		{0B68B841-6498-4E95-A44F-F7FE2653B1A3}.Release|Any CPU.ActiveCfg = Release|Any CPU
		{0B68B841-6498-4E95-A44F-F7FE2653B1A3}.Release|Any CPU.Build.0 = Release|Any CPU
		{ED1AE467-7056-42F1-A421-89717DFCC143}.Debug|Any CPU.ActiveCfg = Debug|Any CPU
		{ED1AE467-7056-42F1-A421-89717DFCC143}.Debug|Any CPU.Build.0 = Debug|Any CPU
		{ED1AE467-7056-42F1-A421-89717DFCC143}.Release|Any CPU.ActiveCfg = Release|Any CPU
		{ED1AE467-7056-42F1-A421-89717DFCC143}.Release|Any CPU.Build.0 = Release|Any CPU
		{9B456F74-6760-4AEB-AC9E-A6AB456D2F73}.Debug|Any CPU.ActiveCfg = Debug|Any CPU
		{9B456F74-6760-4AEB-AC9E-A6AB456D2F73}.Debug|Any CPU.Build.0 = Debug|Any CPU
		{9B456F74-6760-4AEB-AC9E-A6AB456D2F73}.Release|Any CPU.ActiveCfg = Release|Any CPU
		{9B456F74-6760-4AEB-AC9E-A6AB456D2F73}.Release|Any CPU.Build.0 = Release|Any CPU
	EndGlobalSection
	GlobalSection(SolutionProperties) = preSolution
		HideSolutionNode = FALSE
	EndGlobalSection
	GlobalSection(ExtensibilityGlobals) = postSolution
		SolutionGuid = {3B62CB6D-5798-451E-B6A0-C4324881C673}
	EndGlobalSection
EndGlobal
